
Microsoft Visual Studio Solution File, Format Version 12.00
# Visual Studio Version 17
VisualStudioVersion = 17.4.33213.308
MinimumVisualStudioVersion = 10.0.40219.1
Project("{FAE04EC0-301F-11D3-BF4B-00C04F79EFBC}") = "Single_Prinsip", "ConsoleApp4\Single_Prinsip.csproj", "{1C28CE9F-FB7F-4000-8B41-FB59D381D504}"
EndProject
Project("{2150E333-8FDC-42A3-9474-1A3956D46DE8}") = "OCP", "OCP", "{E96BC30D-CC50-4040-8C3E-E6986366799F}"
EndProject
Project("{FAE04EC0-301F-11D3-BF4B-00C04F79EFBC}") = "OCP", "OCP\OCP.csproj", "{1AADA9A5-85A6-4A1A-9015-95C68F48BFA6}"
EndProject
Project("{2150E333-8FDC-42A3-9474-1A3956D46DE8}") = "LSP", "LSP", "{C450C250-CEED-46EB-BC69-BA6AD6098C63}"
EndProject
Project("{FAE04EC0-301F-11D3-BF4B-00C04F79EFBC}") = "LSP_PRINCIPS", "LSP_PRINCIPS\LSP_PRINCIPS.csproj", "{9C10740E-8E0E-40A4-997D-5AB95D898DCF}"
EndProject
Project("{2150E333-8FDC-42A3-9474-1A3956D46DE8}") = "ISP", "ISP", "{3DDE2E96-C209-4AA2-AAA1-A16B8A8A55EB}"
EndProject
Project("{FAE04EC0-301F-11D3-BF4B-00C04F79EFBC}") = "ISP_PRINCIPS", "ISP_PRINCIPS\ISP_PRINCIPS.csproj", "{45592FBC-DA01-4953-A0A2-BDEED6C0F7AE}"
EndProject
Project("{FAE04EC0-301F-11D3-BF4B-00C04F79EFBC}") = "DIP", "DIP\DIP.csproj", "{09C5181D-2E1F-4431-B589-6ABAB2DA5B92}"
EndProject
Project("{2150E333-8FDC-42A3-9474-1A3956D46DE8}") = "DIP_", "DIP_", "{22B914DE-C9FD-4AA0-B85E-DE402E948089}"
EndProject
Project("{2150E333-8FDC-42A3-9474-1A3956D46DE8}") = "SIP", "SIP", "{AEE88859-D64E-415E-8523-32DFBF4BDA45}"
EndProject
Global
	GlobalSection(SolutionConfigurationPlatforms) = preSolution
		Debug|Any CPU = Debug|Any CPU
		Release|Any CPU = Release|Any CPU
	EndGlobalSection
	GlobalSection(ProjectConfigurationPlatforms) = postSolution
		{1C28CE9F-FB7F-4000-8B41-FB59D381D504}.Debug|Any CPU.ActiveCfg = Debug|Any CPU
		{1C28CE9F-FB7F-4000-8B41-FB59D381D504}.Debug|Any CPU.Build.0 = Debug|Any CPU
		{1C28CE9F-FB7F-4000-8B41-FB59D381D504}.Release|Any CPU.ActiveCfg = Release|Any CPU
		{1C28CE9F-FB7F-4000-8B41-FB59D381D504}.Release|Any CPU.Build.0 = Release|Any CPU
		{1AADA9A5-85A6-4A1A-9015-95C68F48BFA6}.Debug|Any CPU.ActiveCfg = Debug|Any CPU
		{1AADA9A5-85A6-4A1A-9015-95C68F48BFA6}.Debug|Any CPU.Build.0 = Debug|Any CPU
		{1AADA9A5-85A6-4A1A-9015-95C68F48BFA6}.Release|Any CPU.ActiveCfg = Release|Any CPU
		{1AADA9A5-85A6-4A1A-9015-95C68F48BFA6}.Release|Any CPU.Build.0 = Release|Any CPU
		{9C10740E-8E0E-40A4-997D-5AB95D898DCF}.Debug|Any CPU.ActiveCfg = Debug|Any CPU
		{9C10740E-8E0E-40A4-997D-5AB95D898DCF}.Debug|Any CPU.Build.0 = Debug|Any CPU
		{9C10740E-8E0E-40A4-997D-5AB95D898DCF}.Release|Any CPU.ActiveCfg = Release|Any CPU
		{9C10740E-8E0E-40A4-997D-5AB95D898DCF}.Release|Any CPU.Build.0 = Release|Any CPU
		{45592FBC-DA01-4953-A0A2-BDEED6C0F7AE}.Debug|Any CPU.ActiveCfg = Debug|Any CPU
		{45592FBC-DA01-4953-A0A2-BDEED6C0F7AE}.Debug|Any CPU.Build.0 = Debug|Any CPU
		{45592FBC-DA01-4953-A0A2-BDEED6C0F7AE}.Release|Any CPU.ActiveCfg = Release|Any CPU
		{45592FBC-DA01-4953-A0A2-BDEED6C0F7AE}.Release|Any CPU.Build.0 = Release|Any CPU
		{09C5181D-2E1F-4431-B589-6ABAB2DA5B92}.Debug|Any CPU.ActiveCfg = Debug|Any CPU
		{09C5181D-2E1F-4431-B589-6ABAB2DA5B92}.Debug|Any CPU.Build.0 = Debug|Any CPU
		{09C5181D-2E1F-4431-B589-6ABAB2DA5B92}.Release|Any CPU.ActiveCfg = Release|Any CPU
		{09C5181D-2E1F-4431-B589-6ABAB2DA5B92}.Release|Any CPU.Build.0 = Release|Any CPU
	EndGlobalSection
	GlobalSection(SolutionProperties) = preSolution
		HideSolutionNode = FALSE
	EndGlobalSection
	GlobalSection(NestedProjects) = preSolution
		{1C28CE9F-FB7F-4000-8B41-FB59D381D504} = {AEE88859-D64E-415E-8523-32DFBF4BDA45}
		{1AADA9A5-85A6-4A1A-9015-95C68F48BFA6} = {E96BC30D-CC50-4040-8C3E-E6986366799F}
		{9C10740E-8E0E-40A4-997D-5AB95D898DCF} = {C450C250-CEED-46EB-BC69-BA6AD6098C63}
		{45592FBC-DA01-4953-A0A2-BDEED6C0F7AE} = {3DDE2E96-C209-4AA2-AAA1-A16B8A8A55EB}
		{09C5181D-2E1F-4431-B589-6ABAB2DA5B92} = {22B914DE-C9FD-4AA0-B85E-DE402E948089}
	EndGlobalSection
	GlobalSection(ExtensibilityGlobals) = postSolution
		SolutionGuid = {B39CBA93-568A-44E4-90A9-CBE86EBD4ED1}
	EndGlobalSection
EndGlobal
